
Microsoft Visual Studio Solution File, Format Version 12.00
# Visual Studio 14
VisualStudioVersion = 14.0.24720.0
MinimumVisualStudioVersion = 10.0.40219.1
Project("{FAE04EC0-301F-11D3-BF4B-00C04F79EFBC}") = "CalculatorHost", "CalculatorHost\CalculatorHost.csproj", "{4618B066-22FC-4424-9D52-4DA93DD92E05}"
EndProject
Project("{FAE04EC0-301F-11D3-BF4B-00C04F79EFBC}") = "GettingsStartedLib", "GettingsStartedLib\GettingsStartedLib.csproj", "{015AE7A3-FEEA-47C8-AD78-514C7368307B}"
EndProject
Project("{FAE04EC0-301F-11D3-BF4B-00C04F79EFBC}") = "Client", "CalculatorClient\Client.csproj", "{A903CB04-BE23-4131-BE0F-189D7410BA89}"
EndProject
Global
	GlobalSection(SolutionConfigurationPlatforms) = preSolution
		Debug|Any CPU = Debug|Any CPU
		Release|Any CPU = Release|Any CPU
	EndGlobalSection
	GlobalSection(ProjectConfigurationPlatforms) = postSolution
		{4618B066-22FC-4424-9D52-4DA93DD92E05}.Debug|Any CPU.ActiveCfg = Debug|Any CPU
		{4618B066-22FC-4424-9D52-4DA93DD92E05}.Debug|Any CPU.Build.0 = Debug|Any CPU
		{4618B066-22FC-4424-9D52-4DA93DD92E05}.Release|Any CPU.ActiveCfg = Release|Any CPU
		{4618B066-22FC-4424-9D52-4DA93DD92E05}.Release|Any CPU.Build.0 = Release|Any CPU
		{015AE7A3-FEEA-47C8-AD78-514C7368307B}.Debug|Any CPU.ActiveCfg = Debug|Any CPU
		{015AE7A3-FEEA-47C8-AD78-514C7368307B}.Debug|Any CPU.Build.0 = Debug|Any CPU
		{015AE7A3-FEEA-47C8-AD78-514C7368307B}.Release|Any CPU.ActiveCfg = Release|Any CPU
		{015AE7A3-FEEA-47C8-AD78-514C7368307B}.Release|Any CPU.Build.0 = Release|Any CPU
		{A903CB04-BE23-4131-BE0F-189D7410BA89}.Debug|Any CPU.ActiveCfg = Debug|Any CPU
		{A903CB04-BE23-4131-BE0F-189D7410BA89}.Debug|Any CPU.Build.0 = Debug|Any CPU
		{A903CB04-BE23-4131-BE0F-189D7410BA89}.Release|Any CPU.ActiveCfg = Release|Any CPU
		{A903CB04-BE23-4131-BE0F-189D7410BA89}.Release|Any CPU.Build.0 = Release|Any CPU
	EndGlobalSection
	GlobalSection(SolutionProperties) = preSolution
		HideSolutionNode = FALSE
	EndGlobalSection
EndGlobal
